
Microsoft Visual Studio Solution File, Format Version 12.00
# Visual Studio Version 17
VisualStudioVersion = 17.0.32112.339
MinimumVisualStudioVersion = 10.0.40219.1
Project("{8BC9CEB8-8B4A-11D0-8D11-00A0C91BC942}") = "VulkanEngine", "VulkanEngine\VulkanEngine.vcxproj", "{D7B2AA88-70FD-41E0-B9C0-4645A042A49B}"
EndProject
Global
	GlobalSection(SolutionConfigurationPlatforms) = preSolution
		Debug|x64 = Debug|x64
		Debug|x86 = Debug|x86
		Release|x64 = Release|x64
		Release|x86 = Release|x86
	EndGlobalSection
	GlobalSection(ProjectConfigurationPlatforms) = postSolution
		{D7B2AA88-70FD-41E0-B9C0-4645A042A49B}.Debug|x64.ActiveCfg = Debug|x64
		{D7B2AA88-70FD-41E0-B9C0-4645A042A49B}.Debug|x64.Build.0 = Debug|x64
		{D7B2AA88-70FD-41E0-B9C0-4645A042A49B}.Debug|x86.ActiveCfg = Debug|Win32
		{D7B2AA88-70FD-41E0-B9C0-4645A042A49B}.Debug|x86.Build.0 = Debug|Win32
		{D7B2AA88-70FD-41E0-B9C0-4645A042A49B}.Release|x64.ActiveCfg = Release|x64
		{D7B2AA88-70FD-41E0-B9C0-4645A042A49B}.Release|x64.Build.0 = Release|x64
		{D7B2AA88-70FD-41E0-B9C0-4645A042A49B}.Release|x86.ActiveCfg = Release|Win32
		{D7B2AA88-70FD-41E0-B9C0-4645A042A49B}.Release|x86.Build.0 = Release|Win32
	EndGlobalSection
	GlobalSection(SolutionProperties) = preSolution
		HideSolutionNode = FALSE
	EndGlobalSection
	GlobalSection(ExtensibilityGlobals) = postSolution
		SolutionGuid = {2B3E2F73-DB2E-4DA0-BC23-82DEFEE8BA78}
	EndGlobalSection
EndGlobal
