<?xml version="1.0" encoding="utf-8"?>
<Project ToolsVersion="4.0" xmlns="http://schemas.microsoft.com/developer/msbuild/2003">
  <ItemGroup>
    <Filter Include="Source Files">
      <UniqueIdentifier>{4FC737F1-C7A5-4376-A066-2A32D752A2FF}</UniqueIdentifier>
      <Extensions>cpp;c;cc;cxx;c++;cppm;ixx;def;odl;idl;hpj;bat;asm;asmx</Extensions>
    </Filter>
    <Filter Include="Header Files">
      <UniqueIdentifier>{93995380-89BD-4b04-88EB-625FBE52EBFB}</UniqueIdentifier>
      <Extensions>h;hh;hpp;hxx;h++;hm;inl;inc;ipp;xsd</Extensions>
    </Filter>
    <Filter Include="Resource Files">
      <UniqueIdentifier>{67DA6AB6-F800-4c08-8B7A-83BB121AAD01}</UniqueIdentifier>
      <Extensions>rc;ico;cur;bmp;dlg;rc2;rct;bin;rgs;gif;jpg;jpeg;jpe;resx;tiff;tif;png;wav;mfcribbon-ms</Extensions>
    </Filter>
    <Filter Include="Resource Files\Shaders">
      <UniqueIdentifier>{e025b7af-a360-4bfc-b87b-adaff88a9804}</UniqueIdentifier>
    </Filter>
  </ItemGroup>
  <ItemGroup>
    <ClCompile Include="main.cpp">
      <Filter>Source Files</Filter>
    </ClCompile>
    <ClCompile Include="App.cpp">
      <Filter>Source Files</Filter>
    </ClCompile>
    <ClCompile Include="talos\image\Texture.cpp">
      <Filter>Source Files</Filter>
    </ClCompile>
    <ClCompile Include="talos\init\Descriptors.cpp">
      <Filter>Source Files</Filter>
    </ClCompile>
    <ClCompile Include="talos\init\Pipeline.cpp">
      <Filter>Source Files</Filter>
    </ClCompile>
    <ClCompile Include="talos\utilities\Memory.cpp">
      <Filter>Source Files</Filter>
    </ClCompile>
    <ClCompile Include="talos\utilities\SingleTimeCommands.cpp">
      <Filter>Source Files</Filter>
    </ClCompile>
    <ClCompile Include="talos\utilities\SwapChainFrame.cpp">
      <Filter>Source Files</Filter>
    </ClCompile>
    <ClCompile Include="talos\config.cpp">
      <Filter>Source Files</Filter>
    </ClCompile>
    <ClCompile Include="talos\Engine.cpp">
      <Filter>Source Files</Filter>
    </ClCompile>
    <ClCompile Include="talos\mesh\ObjMesh.cpp">
      <Filter>Source Files</Filter>
    </ClCompile>
    <ClCompile Include="talos\mesh\VertexCollection.cpp">
      <Filter>Source Files</Filter>
    </ClCompile>
    <ClCompile Include="talos\job\Job.cpp">
      <Filter>Source Files</Filter>
    </ClCompile>
    <ClCompile Include="talos\job\WorkerThread.cpp">
      <Filter>Source Files</Filter>
    </ClCompile>
    <ClCompile Include="talos\image\Image.cpp">
      <Filter>Source Files</Filter>
    </ClCompile>
    <ClCompile Include="talos\gameobjects\Scene.cpp">
      <Filter>Source Files</Filter>
    </ClCompile>
  </ItemGroup>
  <ItemGroup>
    <ClInclude Include="App.h">
      <Filter>Header Files</Filter>
    </ClInclude>
    <ClInclude Include="stb_image.h">
      <Filter>Header Files</Filter>
    </ClInclude>
    <ClInclude Include="talos\image\Texture.h">
      <Filter>Header Files</Filter>
    </ClInclude>
    <ClInclude Include="talos\init\Command.h">
      <Filter>Header Files</Filter>
    </ClInclude>
    <ClInclude Include="talos\init\Descriptors.h">
      <Filter>Header Files</Filter>
    </ClInclude>
    <ClInclude Include="talos\init\Device.h">
      <Filter>Header Files</Filter>
    </ClInclude>
    <ClInclude Include="talos\init\Framebuffer.h">
      <Filter>Header Files</Filter>
    </ClInclude>
    <ClInclude Include="talos\init\Instance.h">
      <Filter>Header Files</Filter>
    </ClInclude>
    <ClInclude Include="talos\init\Pipeline.h">
      <Filter>Header Files</Filter>
    </ClInclude>
    <ClInclude Include="talos\init\Swapchain.h">
      <Filter>Header Files</Filter>
    </ClInclude>
    <ClInclude Include="talos\init\Synchronization.h">
      <Filter>Header Files</Filter>
    </ClInclude>
    <ClInclude Include="talos\utilities\FileLoader.h">
      <Filter>Header Files</Filter>
    </ClInclude>
    <ClInclude Include="talos\utilities\Memory.h">
      <Filter>Header Files</Filter>
    </ClInclude>
    <ClInclude Include="talos\utilities\ModelLoader.h">
      <Filter>Header Files</Filter>
    </ClInclude>
    <ClInclude Include="talos\utilities\QueueFamilies.h">
      <Filter>Header Files</Filter>
    </ClInclude>
    <ClInclude Include="talos\utilities\SingleTimeCommands.h">
      <Filter>Header Files</Filter>
    </ClInclude>
    <ClInclude Include="talos\utilities\SwapChainFrame.h">
      <Filter>Header Files</Filter>
    </ClInclude>
    <ClInclude Include="talos\utilities\Logging.h">
      <Filter>Header Files</Filter>
    </ClInclude>
    <ClInclude Include="talos\config.h">
      <Filter>Header Files</Filter>
    </ClInclude>
    <ClInclude Include="talos\Engine.h">
      <Filter>Header Files</Filter>
    </ClInclude>
    <ClInclude Include="talos\utilities\RenderStructs.h">
      <Filter>Header Files</Filter>
    </ClInclude>
    <ClInclude Include="talos\mesh\Mesh.h">
      <Filter>Header Files</Filter>
    </ClInclude>
    <ClInclude Include="talos\mesh\ObjMesh.h">
      <Filter>Header Files</Filter>
    </ClInclude>
    <ClInclude Include="talos\mesh\VertexCollection.h">
      <Filter>Header Files</Filter>
    </ClInclude>
    <ClInclude Include="talos\job\Job.h">
      <Filter>Header Files</Filter>
    </ClInclude>
    <ClInclude Include="talos\job\WorkerThread.h">
      <Filter>Header Files</Filter>
    </ClInclude>
    <ClInclude Include="talos\gameobjects\Light.h">
      <Filter>Header Files</Filter>
    </ClInclude>
    <ClInclude Include="talos\gameobjects\Scene.h">
      <Filter>Header Files</Filter>
    </ClInclude>
    <ClInclude Include="talos\image\Image.h">
      <Filter>Header Files</Filter>
    </ClInclude>
  </ItemGroup>
  <ItemGroup>
    <Text Include="shader.frag">
      <Filter>Resource Files\Shaders</Filter>
    </Text>
    <Text Include="shader.vert">
      <Filter>Resource Files\Shaders</Filter>
    </Text>
  </ItemGroup>
  <ItemGroup>
    <None Include="glsl_compiler.bat">
      <Filter>Resource Files\Shaders</Filter>
    </None>
    <None Include="frag.spv">
      <Filter>Resource Files\Shaders</Filter>
    </None>
    <None Include="vert.spv">
      <Filter>Resource Files\Shaders</Filter>
    </None>
    <None Include="sky_shader.vert">
      <Filter>Resource Files\Shaders</Filter>
    </None>
    <None Include="sky_shader.frag">
      <Filter>Resource Files\Shaders</Filter>
    </None>
  </ItemGroup>
</Project>